
Microsoft Visual Studio Solution File, Format Version 12.00
# Visual Studio Version 16
VisualStudioVersion = 16.0.29806.167
MinimumVisualStudioVersion = 10.0.40219.1
Project("{FAE04EC0-301F-11D3-BF4B-00C04F79EFBC}") = "TestReader", "TestReader\TestReader.csproj", "{FE7CF6A5-4870-4E13-ACEF-23A4E25DB528}"
EndProject
Global
	GlobalSection(SolutionConfigurationPlatforms) = preSolution
		Debug|Any CPU = Debug|Any CPU
		Release|Any CPU = Release|Any CPU
	EndGlobalSection
	GlobalSection(ProjectConfigurationPlatforms) = postSolution
		{FE7CF6A5-4870-4E13-ACEF-23A4E25DB528}.Debug|Any CPU.ActiveCfg = Debug|Any CPU
		{FE7CF6A5-4870-4E13-ACEF-23A4E25DB528}.Debug|Any CPU.Build.0 = Debug|Any CPU
		{FE7CF6A5-4870-4E13-ACEF-23A4E25DB528}.Release|Any CPU.ActiveCfg = Release|Any CPU
		{FE7CF6A5-4870-4E13-ACEF-23A4E25DB528}.Release|Any CPU.Build.0 = Release|Any CPU
	EndGlobalSection
	GlobalSection(SolutionProperties) = preSolution
		HideSolutionNode = FALSE
	EndGlobalSection
	GlobalSection(ExtensibilityGlobals) = postSolution
		SolutionGuid = {F5713F86-9BF8-46AA-97F8-58A9142D75B3}
	EndGlobalSection
EndGlobal
