
Microsoft Visual Studio Solution File, Format Version 12.00
# Visual Studio Version 16
VisualStudioVersion = 16.0.29123.89
MinimumVisualStudioVersion = 10.0.40219.1
Project("{FAE04EC0-301F-11D3-BF4B-00C04F79EFBC}") = "BitBossWebApiController", "BitBossWebApiController\BitBossWebApiController.csproj", "{F88DE97D-E7BB-4DB8-A423-53D0AAD9F467}"
EndProject
Global
	GlobalSection(SolutionConfigurationPlatforms) = preSolution
		Debug|Any CPU = Debug|Any CPU
		Release|Any CPU = Release|Any CPU
	EndGlobalSection
	GlobalSection(ProjectConfigurationPlatforms) = postSolution
		{F88DE97D-E7BB-4DB8-A423-53D0AAD9F467}.Debug|Any CPU.ActiveCfg = Debug|Any CPU
		{F88DE97D-E7BB-4DB8-A423-53D0AAD9F467}.Debug|Any CPU.Build.0 = Debug|Any CPU
		{F88DE97D-E7BB-4DB8-A423-53D0AAD9F467}.Release|Any CPU.ActiveCfg = Release|Any CPU
		{F88DE97D-E7BB-4DB8-A423-53D0AAD9F467}.Release|Any CPU.Build.0 = Release|Any CPU
	EndGlobalSection
	GlobalSection(SolutionProperties) = preSolution
		HideSolutionNode = FALSE
	EndGlobalSection
	GlobalSection(ExtensibilityGlobals) = postSolution
		SolutionGuid = {3531B734-5052-4EC7-847D-52FD8B7C0466}
	EndGlobalSection
EndGlobal
